
Microsoft Visual Studio Solution File, Format Version 12.00
# Visual Studio Version 17
VisualStudioVersion = 17.7.34018.315
MinimumVisualStudioVersion = 10.0.40219.1
Project("{FAE04EC0-301F-11D3-BF4B-00C04F79EFBC}") = "WebChoThueXe", "WebChoThueXe\WebChoThueXe.csproj", "{7EEAA75B-F213-47C9-BA83-E093A92D772A}"
EndProject
Global
	GlobalSection(SolutionConfigurationPlatforms) = preSolution
		Debug|Any CPU = Debug|Any CPU
		Release|Any CPU = Release|Any CPU
	EndGlobalSection
	GlobalSection(ProjectConfigurationPlatforms) = postSolution
		{7EEAA75B-F213-47C9-BA83-E093A92D772A}.Debug|Any CPU.ActiveCfg = Debug|Any CPU
		{7EEAA75B-F213-47C9-BA83-E093A92D772A}.Debug|Any CPU.Build.0 = Debug|Any CPU
		{7EEAA75B-F213-47C9-BA83-E093A92D772A}.Release|Any CPU.ActiveCfg = Release|Any CPU
		{7EEAA75B-F213-47C9-BA83-E093A92D772A}.Release|Any CPU.Build.0 = Release|Any CPU
	EndGlobalSection
	GlobalSection(SolutionProperties) = preSolution
		HideSolutionNode = FALSE
	EndGlobalSection
	GlobalSection(ExtensibilityGlobals) = postSolution
		SolutionGuid = {80F07C3E-CB9E-42E4-843C-D43D0BD18605}
	EndGlobalSection
EndGlobal
